{
  "version": 4,
  "terraform_version": "0.13.5",
  "serial": 108,
  "lineage": "f9aa3049-3e53-162b-3fa4-3997992d346b",
  "outputs": {},
  "resources": [
    {
      "mode": "data",
      "type": "aws_ami",
      "name": "jenkins",
      "provider": "provider[\"registry.terraform.io/hashicorp/aws\"]",
      "instances": [
        {
          "schema_version": 0,
          "attributes": {
            "architecture": "x86_64",
            "arn": "arn:aws:ec2:us-east-2::image/ami-0dc3a24f11d62f671",
            "block_device_mappings": [
              {
                "device_name": "/dev/sda1",
                "ebs": {
                  "delete_on_termination": "true",
                  "encrypted": "false",
                  "iops": "0",
                  "snapshot_id": "snap-0e20c423cef41b105",
                  "volume_size": "8",
                  "volume_type": "gp2"
                },
                "no_device": "",
                "virtual_name": ""
              },
              {
                "device_name": "/dev/sdb",
                "ebs": {},
                "no_device": "",
                "virtual_name": "ephemeral0"
              },
              {
                "device_name": "/dev/sdc",
                "ebs": {},
                "no_device": "",
                "virtual_name": "ephemeral1"
              }
            ],
            "creation_date": "2020-10-29T18:43:28.000Z",
            "description": null,
            "executable_users": null,
            "filter": [
              {
                "name": "name",
                "values": [
                  "sfjenkins*"
                ]
              },
              {
                "name": "root-device-type",
                "values": [
                  "ebs"
                ]
              },
              {
                "name": "virtualization-type",
                "values": [
                  "hvm"
                ]
              }
            ],
            "hypervisor": "xen",
            "id": "ami-0dc3a24f11d62f671",
            "image_id": "ami-0dc3a24f11d62f671",
            "image_location": "368932485079/sfjenkins-1603996750",
            "image_owner_alias": null,
            "image_type": "machine",
            "kernel_id": null,
            "most_recent": true,
            "name": "sfjenkins-1603996750",
            "name_regex": null,
            "owner_id": "368932485079",
            "owners": [
              "368932485079"
            ],
            "platform": null,
            "product_codes": [],
            "public": false,
            "ramdisk_id": null,
            "root_device_name": "/dev/sda1",
            "root_device_type": "ebs",
            "root_snapshot_id": "snap-0e20c423cef41b105",
            "sriov_net_support": "simple",
            "state": "available",
            "state_reason": {
              "code": "UNSET",
              "message": "UNSET"
            },
            "tags": {
              "component": "jenkins"
            },
            "virtualization_type": "hvm"
          }
        }
      ]
    },
    {
      "mode": "managed",
      "type": "aws_ecr_repository",
      "name": "sf_repository",
      "provider": "provider[\"registry.terraform.io/hashicorp/aws\"]",
      "instances": [
        {
          "schema_version": 0,
          "attributes": {
            "arn": "arn:aws:ecr:us-east-2:368932485079:repository/demoback",
            "encryption_configuration": [
              {
                "encryption_type": "AES256",
                "kms_key": ""
              }
            ],
            "id": "demoback",
            "image_scanning_configuration": [
              {
                "scan_on_push": false
              }
            ],
            "image_tag_mutability": "MUTABLE",
            "name": "demoback",
            "registry_id": "368932485079",
            "repository_url": "368932485079.dkr.ecr.us-east-2.amazonaws.com/demoback",
            "tags": null,
            "timeouts": null
          },
          "private": "eyJlMmJmYjczMC1lY2FhLTExZTYtOGY4OC0zNDM2M2JjN2M0YzAiOnsiZGVsZXRlIjoxMjAwMDAwMDAwMDAwfX0="
        }
      ]
    },
    {
      "mode": "managed",
      "type": "aws_efs_file_system",
      "name": "jenkins-efs",
      "provider": "provider[\"registry.terraform.io/hashicorp/aws\"]",
      "instances": [
        {
          "schema_version": 0,
          "attributes": {
            "arn": "arn:aws:elasticfilesystem:us-east-2:368932485079:file-system/fs-da821aa2",
            "creation_token": "jenkins-efs",
            "dns_name": "fs-da821aa2.efs.us-east-2.amazonaws.com",
            "encrypted": false,
            "id": "fs-da821aa2",
            "kms_key_id": "",
            "lifecycle_policy": [],
            "performance_mode": "generalPurpose",
            "provisioned_throughput_in_mibps": 0,
            "tags": {
              "Name": "jenkins-efs"
            },
            "throughput_mode": "bursting"
          },
          "private": "bnVsbA=="
        }
      ]
    },
    {
      "mode": "managed",
      "type": "aws_efs_mount_target",
      "name": "mount",
      "provider": "provider[\"registry.terraform.io/hashicorp/aws\"]",
      "instances": [
        {
          "schema_version": 0,
          "attributes": {
            "availability_zone_id": "use2-az3",
            "availability_zone_name": "us-east-2c",
            "dns_name": "fs-da821aa2.efs.us-east-2.amazonaws.com",
            "file_system_arn": "arn:aws:elasticfilesystem:us-east-2:368932485079:file-system/fs-da821aa2",
            "file_system_id": "fs-da821aa2",
            "id": "fsmt-aee2c7d7",
            "ip_address": "172.31.46.76",
            "mount_target_dns_name": "us-east-2c.fs-da821aa2.efs.us-east-2.amazonaws.com",
            "network_interface_id": "eni-02b1ad787fe2f6679",
            "owner_id": "368932485079",
            "security_groups": [
              "sg-0fd42e14e20068d69"
            ],
            "subnet_id": "subnet-d1eb879d"
          },
          "private": "bnVsbA==",
          "dependencies": [
            "aws_efs_file_system.jenkins-efs",
            "aws_iam_instance_profile.jenkins_ec2_profile",
            "aws_instance.jenkins_ec2",
            "aws_security_group.allow_internet_http",
            "data.aws_ami.jenkins"
          ]
        }
      ]
    },
    {
      "mode": "managed",
      "type": "aws_eip",
      "name": "jenkins_eip",
      "provider": "provider[\"registry.terraform.io/hashicorp/aws\"]",
      "instances": [
        {
          "schema_version": 0,
          "attributes": {
            "allocation_id": null,
            "associate_with_private_ip": null,
            "association_id": "eipassoc-07ba2de668f83cdb9",
            "customer_owned_ip": "",
            "customer_owned_ipv4_pool": "",
            "domain": "vpc",
            "id": "eipalloc-09805c7531f7ee537",
            "instance": "i-0910ec17761ea88da",
            "network_interface": "eni-064f97d80782fa256",
            "private_dns": "ip-172-31-34-177.us-east-2.compute.internal",
            "private_ip": "172.31.34.177",
            "public_dns": "ec2-3-17-124-68.us-east-2.compute.amazonaws.com",
            "public_ip": "3.17.124.68",
            "public_ipv4_pool": "amazon",
            "tags": {},
            "timeouts": null,
            "vpc": true
          },
          "private": "eyJlMmJmYjczMC1lY2FhLTExZTYtOGY4OC0zNDM2M2JjN2M0YzAiOnsiZGVsZXRlIjoxODAwMDAwMDAwMDAsInJlYWQiOjkwMDAwMDAwMDAwMCwidXBkYXRlIjozMDAwMDAwMDAwMDB9fQ==",
          "dependencies": [
            "aws_iam_instance_profile.jenkins_ec2_profile",
            "aws_instance.jenkins_ec2",
            "aws_security_group.allow_internet_http",
            "data.aws_ami.jenkins"
          ]
        }
      ]
    },
    {
      "mode": "managed",
      "type": "aws_iam_instance_profile",
      "name": "jenkins_ec2_profile",
      "provider": "provider[\"registry.terraform.io/hashicorp/aws\"]",
      "instances": [
        {
          "schema_version": 0,
          "attributes": {
            "arn": "arn:aws:iam::368932485079:instance-profile/jenkins_ec2_profile",
            "create_date": "2020-10-28T23:03:18Z",
            "id": "jenkins_ec2_profile",
            "name": "jenkins_ec2_profile",
            "name_prefix": null,
            "path": "/",
            "role": "jenkins_ec2_role",
            "unique_id": "AIPAVLZQW67LUYLCEAN6B"
          },
          "private": "bnVsbA==",
          "dependencies": [
            "aws_iam_role.jenkins_ec2_role"
          ]
        }
      ]
    },
    {
      "mode": "managed",
      "type": "aws_iam_role",
      "name": "jenkins_ec2_role",
      "provider": "provider[\"registry.terraform.io/hashicorp/aws\"]",
      "instances": [
        {
          "schema_version": 0,
          "attributes": {
            "arn": "arn:aws:iam::368932485079:role/jenkins_ec2_role",
            "assume_role_policy": "{\"Version\":\"2012-10-17\",\"Statement\":[{\"Sid\":\"\",\"Effect\":\"Allow\",\"Principal\":{\"Service\":\"ec2.amazonaws.com\"},\"Action\":\"sts:AssumeRole\"}]}",
            "create_date": "2020-10-28T23:03:17Z",
            "description": "",
            "force_detach_policies": false,
            "id": "jenkins_ec2_role",
            "max_session_duration": 3600,
            "name": "jenkins_ec2_role",
            "name_prefix": null,
            "path": "/",
            "permissions_boundary": null,
            "tags": {},
            "unique_id": "AROAVLZQW67LR7ZICBJ3G"
          },
          "private": "bnVsbA=="
        }
      ]
    },
    {
      "mode": "managed",
      "type": "aws_iam_role_policy",
      "name": "jenkins_policy",
      "provider": "provider[\"registry.terraform.io/hashicorp/aws\"]",
      "instances": [
        {
          "schema_version": 0,
          "attributes": {
            "id": "jenkins_ec2_role:jenkins_policy",
            "name": "jenkins_policy",
            "name_prefix": null,
            "policy": "{\n    \"Version\": \"2012-10-17\",\n    \"Statement\": [\n        {\n            \"Effect\": \"Allow\",\n            \"Action\": [\n                \"elasticfilesystem:*\",\n                \"ec2:*\",\n                \"ecr:*\"\n            ],\n            \"Resource\": \"*\"\n        }\n    ]\n}",
            "role": "jenkins_ec2_role"
          },
          "private": "bnVsbA==",
          "dependencies": [
            "aws_iam_role.jenkins_ec2_role"
          ]
        }
      ]
    },
    {
      "mode": "managed",
      "type": "aws_instance",
      "name": "jenkins_ec2",
      "provider": "provider[\"registry.terraform.io/hashicorp/aws\"]",
      "instances": [
        {
          "schema_version": 1,
          "attributes": {
            "ami": "ami-0dc3a24f11d62f671",
            "arn": "arn:aws:ec2:us-east-2:368932485079:instance/i-0910ec17761ea88da",
            "associate_public_ip_address": true,
            "availability_zone": "us-east-2c",
            "cpu_core_count": 1,
            "cpu_threads_per_core": 2,
            "credit_specification": [
              {
                "cpu_credits": "unlimited"
              }
            ],
            "disable_api_termination": false,
            "ebs_block_device": [],
            "ebs_optimized": false,
            "ephemeral_block_device": [],
            "get_password_data": false,
            "hibernation": false,
            "host_id": null,
            "iam_instance_profile": "jenkins_ec2_profile",
            "id": "i-0910ec17761ea88da",
            "instance_initiated_shutdown_behavior": null,
            "instance_state": "running",
            "instance_type": "t3.small",
            "ipv6_address_count": 0,
            "ipv6_addresses": [],
            "key_name": "sf",
            "metadata_options": [
              {
                "http_endpoint": "enabled",
                "http_put_response_hop_limit": 1,
                "http_tokens": "optional"
              }
            ],
            "monitoring": false,
            "network_interface": [],
            "outpost_arn": "",
            "password_data": "",
            "placement_group": "",
            "primary_network_interface_id": "eni-064f97d80782fa256",
            "private_dns": "ip-172-31-34-177.us-east-2.compute.internal",
            "private_ip": "172.31.34.177",
            "public_dns": "ec2-3-17-124-68.us-east-2.compute.amazonaws.com",
            "public_ip": "3.17.124.68",
            "root_block_device": [
              {
                "delete_on_termination": true,
                "device_name": "/dev/sda1",
                "encrypted": false,
                "iops": 100,
                "kms_key_id": "",
                "volume_id": "vol-0b7615ce2c4623908",
                "volume_size": 8,
                "volume_type": "gp2"
              }
            ],
            "secondary_private_ips": [],
            "security_groups": [
              "allow_internet_http"
            ],
            "source_dest_check": true,
            "subnet_id": "subnet-d1eb879d",
            "tags": {
              "Name": "Jenkins"
            },
            "tenancy": "default",
            "timeouts": null,
            "user_data": null,
            "user_data_base64": "IyEvYmluL2Jhc2gKZWNobyAiIyMjIyMjIyMjIyMjIyMjIyMjIyMjIyMjIyMjIgplY2hvICIjIyMjIyMjIyMjIyMjIyMjIyMjIyMjIyMjIyMiCmVjaG8gInN0YXJ0IGplbmtpbnMgZGVwbG95bWVudCIKCnBpcDMgaW5zdGFsbCBhd3NjbGkKCm1rZGlyIC1wIC9yb290Ly5qZW5raW5zCgpFRlNfSUQ9JChhd3MgZWZzIGRlc2NyaWJlLWZpbGUtc3lzdGVtcyAtLXJlZ2lvbj11cy1lYXN0LTIgLS1xdWVyeSAnRmlsZVN5c3RlbXNbKl0uW0ZpbGVTeXN0ZW1JZCwgVGFnc1s/VmFsdWU9PWBqZW5raW5zLWVmc2BdXVswXVswXScgLS1vdXRwdXQgdGV4dCkKCmVjaG8gJHtFRlNfSUR9CgpzdWRvIHRvdWNoIC9ldGMvc3lzdGVtZC9zeXN0ZW0vamVua2luc19zZi5zZXJ2aWNlCgpzdWRvIHRlZSAtYSAgL2V0Yy9zeXN0ZW1kL3N5c3RlbS9qZW5raW5zX3NmLnNlcnZpY2UgPiAvZGV2L251bGwgPDxFT1QKW1VuaXRdCkRlc2NyaXB0aW9uPUpvYiB0aGF0IHJ1bnMgSmVua2lucwoKW1NlcnZpY2VdCkV4ZWNTdGFydD1qYXZhIC1qYXIgL2hvbWUvdWJ1bnR1L2plbmtpbnMud2FyIC1odHRwUG9ydD04MDgwClR5cGU9b25lc2hvdApSZW1haW5BZnRlckV4aXQ9eWVzCgpbSW5zdGFsbF0KV2FudGVkQnk9bXVsdGktdXNlci50YXJnZXQKRU9UCgoKREFUQV9TVEFURT0idW5rbm93biIKZWNobyAkREFUQV9TVEFURQp1bnRpbCBbICIkREFUQV9TVEFURSIgPT0gImF2YWlsYWJsZSIgXTsgZG8KICAgICAgICBEQVRBX1NUQVRFPSQoYXdzIGVmcyBkZXNjcmliZS1tb3VudC10YXJnZXRzIC0tZmlsZS1zeXN0ZW0taWQgJHtFRlNfSUR9IC0tcXVlcnkgJ01vdW50VGFyZ2V0c1sqXS5bTGlmZUN5Y2xlU3RhdGVdWzBdWzBdJyAtLXJlZ2lvbj11cy1lYXN0LTIgLS1vdXRwdXQgdGV4dCkKICAgICAgICBlY2hvICREQVRBX1NUQVRFCiAgICAgICAgc2xlZXAgMwpkb25lCgpzbGVlcCAxMAoKc3VkbyBzaCAtYyAiZWNobyAnJHtFRlNfSUR9Oi8gL3Jvb3QvLmplbmtpbnMgZWZzIF9uZXRkZXYsdGxzLGlhbSAwIDAnID4+IC9ldGMvZnN0YWIiCnN1ZG8gbW91bnQgLWF2CgplY2hvICIjIyMjIyMjIyMjIyMjIyMjIyMjIyMjIyMjIyMiCmVjaG8gIiMjIyMjIyMjIyMjIyMjIyMjIyMjIyMjIyMjIyIKZWNobyAiZmluaXNoZWQgamVua2lucyBkZXBsb3ltZW50IgoKc3VkbyBzeXN0ZW1jdGwgZGFlbW9uLXJlbG9hZApzdWRvIHN5c3RlbWN0bCBlbmFibGUgamVua2luc19zZi5zZXJ2aWNlCnN1ZG8gc3lzdGVtY3RsIHN0YXJ0IGplbmtpbnNfc2Yuc2VydmljZQ==",
            "volume_tags": {},
            "vpc_security_group_ids": [
              "sg-0fd42e14e20068d69"
            ]
          },
          "private": "eyJlMmJmYjczMC1lY2FhLTExZTYtOGY4OC0zNDM2M2JjN2M0YzAiOnsiY3JlYXRlIjo2MDAwMDAwMDAwMDAsImRlbGV0ZSI6MTIwMDAwMDAwMDAwMCwidXBkYXRlIjo2MDAwMDAwMDAwMDB9LCJzY2hlbWFfdmVyc2lvbiI6IjEifQ==",
          "dependencies": [
            "aws_iam_instance_profile.jenkins_ec2_profile",
            "aws_security_group.allow_internet_http",
            "data.aws_ami.jenkins"
          ]
        }
      ]
    },
    {
      "mode": "managed",
      "type": "aws_security_group",
      "name": "allow_internet_http",
      "provider": "provider[\"registry.terraform.io/hashicorp/aws\"]",
      "instances": [
        {
          "schema_version": 1,
          "attributes": {
            "arn": "arn:aws:ec2:us-east-2:368932485079:security-group/sg-0fd42e14e20068d69",
            "description": "Allow HTTPS inbound traffic from internet",
            "egress": [
              {
                "cidr_blocks": [
                  "0.0.0.0/0"
                ],
                "description": "",
                "from_port": 0,
                "ipv6_cidr_blocks": [],
                "prefix_list_ids": [],
                "protocol": "-1",
                "security_groups": [],
                "self": false,
                "to_port": 0
              }
            ],
            "id": "sg-0fd42e14e20068d69",
            "ingress": [
              {
                "cidr_blocks": [
                  "0.0.0.0/0"
                ],
                "description": "EFS",
                "from_port": 2049,
                "ipv6_cidr_blocks": [],
                "prefix_list_ids": [],
                "protocol": "tcp",
                "security_groups": [],
                "self": false,
                "to_port": 2049
              },
              {
                "cidr_blocks": [
                  "0.0.0.0/0"
                ],
                "description": "HTTP from internet",
                "from_port": 8080,
                "ipv6_cidr_blocks": [],
                "prefix_list_ids": [],
                "protocol": "tcp",
                "security_groups": [],
                "self": false,
                "to_port": 8080
              },
              {
                "cidr_blocks": [
                  "0.0.0.0/0"
                ],
                "description": "SSH from internet",
                "from_port": 22,
                "ipv6_cidr_blocks": [],
                "prefix_list_ids": [],
                "protocol": "tcp",
                "security_groups": [],
                "self": false,
                "to_port": 22
              }
            ],
            "name": "allow_internet_http",
            "name_prefix": "",
            "owner_id": "368932485079",
            "revoke_rules_on_delete": false,
            "tags": {
              "Name": "allow_internet_http"
            },
            "timeouts": null,
            "vpc_id": "vpc-d413b4bf"
          },
          "private": "eyJlMmJmYjczMC1lY2FhLTExZTYtOGY4OC0zNDM2M2JjN2M0YzAiOnsiY3JlYXRlIjo2MDAwMDAwMDAwMDAsImRlbGV0ZSI6NjAwMDAwMDAwMDAwfSwic2NoZW1hX3ZlcnNpb24iOiIxIn0="
        }
      ]
    }
  ]
}
